// !$*UTF8*$!
{
	archiveVersion = 1;
	classes = {
	};
	objectVersion = 56;
	objects = {

/* Begin PBXBuildFile section */
		999448DAE328E847802F64F2 /* Pods_Spotify.framework in Frameworks */ = {isa = PBXBuildFile; fileRef = 551CD80B5A774B0A59683657 /* Pods_Spotify.framework */; };
		CE6322752B55A33500726574 /* AppDelegate.swift in Sources */ = {isa = PBXBuildFile; fileRef = CE6322742B55A33500726574 /* AppDelegate.swift */; };
		CE6322792B55A33500726574 /* HomeViewController.swift in Sources */ = {isa = PBXBuildFile; fileRef = CE6322782B55A33500726574 /* HomeViewController.swift */; };
		CE63227E2B55A33700726574 /* Assets.xcassets in Resources */ = {isa = PBXBuildFile; fileRef = CE63227D2B55A33700726574 /* Assets.xcassets */; };
		CE6322812B55A33700726574 /* LaunchScreen.storyboard in Resources */ = {isa = PBXBuildFile; fileRef = CE63227F2B55A33700726574 /* LaunchScreen.storyboard */; };
		CE63228F2B55A78D00726574 /* SceneDelegate.swift in Sources */ = {isa = PBXBuildFile; fileRef = CE63228E2B55A78D00726574 /* SceneDelegate.swift */; };
		CE6322912B55AA4C00726574 /* TabBarViewController.swift in Sources */ = {isa = PBXBuildFile; fileRef = CE6322902B55AA4C00726574 /* TabBarViewController.swift */; };
		CE6322932B55AA7800726574 /* SearchViewController.swift in Sources */ = {isa = PBXBuildFile; fileRef = CE6322922B55AA7800726574 /* SearchViewController.swift */; };
		CE6322952B55AA8900726574 /* LibraryViewController.swift in Sources */ = {isa = PBXBuildFile; fileRef = CE6322942B55AA8900726574 /* LibraryViewController.swift */; };
		CE6322992B55AAC200726574 /* AuthViewController.swift in Sources */ = {isa = PBXBuildFile; fileRef = CE6322982B55AAC200726574 /* AuthViewController.swift */; };
		CE63229B2B55AAD100726574 /* WelcomeViewController.swift in Sources */ = {isa = PBXBuildFile; fileRef = CE63229A2B55AAD100726574 /* WelcomeViewController.swift */; };
		CE63229D2B55AAE800726574 /* SettingsViewController.swift in Sources */ = {isa = PBXBuildFile; fileRef = CE63229C2B55AAE800726574 /* SettingsViewController.swift */; };
		CE63229F2B55AAF400726574 /* ProfileViewController.swift in Sources */ = {isa = PBXBuildFile; fileRef = CE63229E2B55AAF400726574 /* ProfileViewController.swift */; };
		CE6322A12B55AB1800726574 /* PlayerViewController.swift in Sources */ = {isa = PBXBuildFile; fileRef = CE6322A02B55AB1800726574 /* PlayerViewController.swift */; };
		CE6322A32B55AB2F00726574 /* PlaylistViewController.swift in Sources */ = {isa = PBXBuildFile; fileRef = CE6322A22B55AB2F00726574 /* PlaylistViewController.swift */; };
		CE6322A52B55AB5300726574 /* SearchResultsViewController.swift in Sources */ = {isa = PBXBuildFile; fileRef = CE6322A42B55AB5300726574 /* SearchResultsViewController.swift */; };
		CE6322A72B55AB7B00726574 /* AuthManager.swift in Sources */ = {isa = PBXBuildFile; fileRef = CE6322A62B55AB7B00726574 /* AuthManager.swift */; };
		CE6322A92B55AB8F00726574 /* APICaller.swift in Sources */ = {isa = PBXBuildFile; fileRef = CE6322A82B55AB8F00726574 /* APICaller.swift */; };
		CE6322AB2B55ABA500726574 /* HapticsManager.swift in Sources */ = {isa = PBXBuildFile; fileRef = CE6322AA2B55ABA500726574 /* HapticsManager.swift */; };
		CE6322AD2B55ABC300726574 /* Playlist.swift in Sources */ = {isa = PBXBuildFile; fileRef = CE6322AC2B55ABC300726574 /* Playlist.swift */; };
		CE6322AF2B55ABD600726574 /* AudioTrack.swift in Sources */ = {isa = PBXBuildFile; fileRef = CE6322AE2B55ABD600726574 /* AudioTrack.swift */; };
		CE6322B12B55ABED00726574 /* Artist.swift in Sources */ = {isa = PBXBuildFile; fileRef = CE6322B02B55ABED00726574 /* Artist.swift */; };
		CE6322B32B55AC0B00726574 /* UserProfile.swift in Sources */ = {isa = PBXBuildFile; fileRef = CE6322B22B55AC0B00726574 /* UserProfile.swift */; };
		CE6322FF2B5777E300726574 /* View+Extension.swift in Sources */ = {isa = PBXBuildFile; fileRef = CE6322FE2B5777E300726574 /* View+Extension.swift */; };
		CE8A64EC2B727087009F668B /* LibraryPlaylistViewController.swift in Sources */ = {isa = PBXBuildFile; fileRef = CE8A64EB2B727087009F668B /* LibraryPlaylistViewController.swift */; };
		CE8A64EE2B72709F009F668B /* LibraryAlbumViewController.swift in Sources */ = {isa = PBXBuildFile; fileRef = CE8A64ED2B72709F009F668B /* LibraryAlbumViewController.swift */; };
		CE8A64F02B72765F009F668B /* LibraryToggleView.swift in Sources */ = {isa = PBXBuildFile; fileRef = CE8A64EF2B72765F009F668B /* LibraryToggleView.swift */; };
		CE8A64F22B72A2F5009F668B /* LibraryPlaylistsResponse.swift in Sources */ = {isa = PBXBuildFile; fileRef = CE8A64F12B72A2F5009F668B /* LibraryPlaylistsResponse.swift */; };
		CE8A64F52B72A4E1009F668B /* ActionLabelView.swift in Sources */ = {isa = PBXBuildFile; fileRef = CE8A64F42B72A4E1009F668B /* ActionLabelView.swift */; };
		CE8A65072B75423A009F668B /* LibraryAlbumsResponse.swift in Sources */ = {isa = PBXBuildFile; fileRef = CE8A65062B75423A009F668B /* LibraryAlbumsResponse.swift */; };
		CE8AF4E12B6695AF003F78C3 /* FeaturedPlaylistCellViewModel.swift in Sources */ = {isa = PBXBuildFile; fileRef = CE8AF4E02B6695AF003F78C3 /* FeaturedPlaylistCellViewModel.swift */; };
		CE8AF4E32B669645003F78C3 /* RecommendedTrackCellViewModel.swift in Sources */ = {isa = PBXBuildFile; fileRef = CE8AF4E22B669645003F78C3 /* RecommendedTrackCellViewModel.swift */; };
		CE8AF4E52B66AAD3003F78C3 /* AlbumViewController.swift in Sources */ = {isa = PBXBuildFile; fileRef = CE8AF4E42B66AAD3003F78C3 /* AlbumViewController.swift */; };
		CE8AF4E72B66AFAF003F78C3 /* AlbumDetailsResponse.swift in Sources */ = {isa = PBXBuildFile; fileRef = CE8AF4E62B66AFAF003F78C3 /* AlbumDetailsResponse.swift */; };
		CE8AF4E92B66B467003F78C3 /* PlaylistDetailsResponse.swift in Sources */ = {isa = PBXBuildFile; fileRef = CE8AF4E82B66B467003F78C3 /* PlaylistDetailsResponse.swift */; };
		CE8AF4EB2B67E605003F78C3 /* PlaylistHeaderCollectionReusableView.swift in Sources */ = {isa = PBXBuildFile; fileRef = CE8AF4EA2B67E605003F78C3 /* PlaylistHeaderCollectionReusableView.swift */; };
		CE8AF4ED2B67E9B1003F78C3 /* PlaylistHeaderViewViewModel.swift in Sources */ = {isa = PBXBuildFile; fileRef = CE8AF4EC2B67E9B1003F78C3 /* PlaylistHeaderViewViewModel.swift */; };
		CE8AF4EF2B67FAC0003F78C3 /* TitleHeaderCollectionReusableView.swift in Sources */ = {isa = PBXBuildFile; fileRef = CE8AF4EE2B67FAC0003F78C3 /* TitleHeaderCollectionReusableView.swift */; };
		CE8AF4F12B6805F1003F78C3 /* AlbumTrackCollectionViewCell.swift in Sources */ = {isa = PBXBuildFile; fileRef = CE8AF4F02B6805F1003F78C3 /* AlbumTrackCollectionViewCell.swift */; };
		CE8AF4F32B680792003F78C3 /* AlbumCollectionViewCellViewModel.swift in Sources */ = {isa = PBXBuildFile; fileRef = CE8AF4F22B680792003F78C3 /* AlbumCollectionViewCellViewModel.swift */; };
		CE8AF4F52B6808B1003F78C3 /* DateFormatter+Extension.swift in Sources */ = {isa = PBXBuildFile; fileRef = CE8AF4F42B6808B1003F78C3 /* DateFormatter+Extension.swift */; };
		CE8AF50B2B6A1390003F78C3 /* GenreCollectionViewCell.swift in Sources */ = {isa = PBXBuildFile; fileRef = CE8AF50A2B6A1390003F78C3 /* GenreCollectionViewCell.swift */; };
		CE8AF50D2B6ABC26003F78C3 /* AllCategoriesResponse.swift in Sources */ = {isa = PBXBuildFile; fileRef = CE8AF50C2B6ABC26003F78C3 /* AllCategoriesResponse.swift */; };
		CE8AF50F2B6AC53B003F78C3 /* CategoryCollectionViewCellViewModel.swift in Sources */ = {isa = PBXBuildFile; fileRef = CE8AF50E2B6AC53B003F78C3 /* CategoryCollectionViewCellViewModel.swift */; };
		CE8AF5112B6AC8A0003F78C3 /* CategoryViewController.swift in Sources */ = {isa = PBXBuildFile; fileRef = CE8AF5102B6AC8A0003F78C3 /* CategoryViewController.swift */; };
		CE8AF5132B6D1B1D003F78C3 /* SearchResultResponse.swift in Sources */ = {isa = PBXBuildFile; fileRef = CE8AF5122B6D1B1D003F78C3 /* SearchResultResponse.swift */; };
		CE8AF5152B6D1CD9003F78C3 /* SearchResult.swift in Sources */ = {isa = PBXBuildFile; fileRef = CE8AF5142B6D1CD9003F78C3 /* SearchResult.swift */; };
		CE8AF5182B6D4B7D003F78C3 /* SearchResultDefaultTableViewCell.swift in Sources */ = {isa = PBXBuildFile; fileRef = CE8AF5172B6D4B7D003F78C3 /* SearchResultDefaultTableViewCell.swift */; };
		CE8AF51A2B6D4EB5003F78C3 /* SearchResultDefaultTableViewCellViewModel.swift in Sources */ = {isa = PBXBuildFile; fileRef = CE8AF5192B6D4EB5003F78C3 /* SearchResultDefaultTableViewCellViewModel.swift */; };
		CE8AF51C2B6D530A003F78C3 /* SearchResultSubtitleTableViewCell.swift in Sources */ = {isa = PBXBuildFile; fileRef = CE8AF51B2B6D530A003F78C3 /* SearchResultSubtitleTableViewCell.swift */; };
		CE8AF51E2B6D5476003F78C3 /* SearchResultSubtitleTableViewCellViewModel.swift in Sources */ = {isa = PBXBuildFile; fileRef = CE8AF51D2B6D5476003F78C3 /* SearchResultSubtitleTableViewCellViewModel.swift */; };
		CE8AF5362B6EA9E7003F78C3 /* PlaybackPresenter.swift in Sources */ = {isa = PBXBuildFile; fileRef = CE8AF5352B6EA9E7003F78C3 /* PlaybackPresenter.swift */; };
		CE8AF5382B6EB9FA003F78C3 /* PlayerControlsView.swift in Sources */ = {isa = PBXBuildFile; fileRef = CE8AF5372B6EB9FA003F78C3 /* PlayerControlsView.swift */; };
		CEA291D82B598179008EED2E /* AuthResponse.swift in Sources */ = {isa = PBXBuildFile; fileRef = CEA291D72B598179008EED2E /* AuthResponse.swift */; };
		CEA291DC2B5D1803008EED2E /* SettingsModels.swift in Sources */ = {isa = PBXBuildFile; fileRef = CEA291DB2B5D1803008EED2E /* SettingsModels.swift */; };
		CEA291E02B5F9FFB008EED2E /* NewReleasesResponse.swift in Sources */ = {isa = PBXBuildFile; fileRef = CEA291DF2B5F9FFB008EED2E /* NewReleasesResponse.swift */; };
		CEA291E22B5FA22C008EED2E /* UserImage.swift in Sources */ = {isa = PBXBuildFile; fileRef = CEA291E12B5FA22C008EED2E /* UserImage.swift */; };
		CEA291E42B5FAE28008EED2E /* FeaturedPlaylistsResponse.swift in Sources */ = {isa = PBXBuildFile; fileRef = CEA291E32B5FAE28008EED2E /* FeaturedPlaylistsResponse.swift */; };
		CEA291E62B5FB564008EED2E /* RecommendedGenresResponse.swift in Sources */ = {isa = PBXBuildFile; fileRef = CEA291E52B5FB564008EED2E /* RecommendedGenresResponse.swift */; };
		CEA291F22B60286B008EED2E /* RecommendationsResponse.swift in Sources */ = {isa = PBXBuildFile; fileRef = CEA291F12B60286B008EED2E /* RecommendationsResponse.swift */; };
		CEA291F52B62DA11008EED2E /* NewReleaseCollectionViewCell.swift in Sources */ = {isa = PBXBuildFile; fileRef = CEA291F42B62DA11008EED2E /* NewReleaseCollectionViewCell.swift */; };
		CEA291F72B62DA45008EED2E /* FeaturedPlaylistCollectionViewCell.swift in Sources */ = {isa = PBXBuildFile; fileRef = CEA291F62B62DA45008EED2E /* FeaturedPlaylistCollectionViewCell.swift */; };
		CEA291F92B62DA73008EED2E /* RecommendedTrackCollectionViewCell.swift in Sources */ = {isa = PBXBuildFile; fileRef = CEA291F82B62DA73008EED2E /* RecommendedTrackCollectionViewCell.swift */; };
		CEA291FB2B62DC32008EED2E /* NewReleasesCellViewModel.swift in Sources */ = {isa = PBXBuildFile; fileRef = CEA291FA2B62DC32008EED2E /* NewReleasesCellViewModel.swift */; };
/* End PBXBuildFile section */

/* Begin PBXFileReference section */
		3DF44F2AC2539C96E4CBC96A /* Pods-Spotify.release.xcconfig */ = {isa = PBXFileReference; includeInIndex = 1; lastKnownFileType = text.xcconfig; name = "Pods-Spotify.release.xcconfig"; path = "Target Support Files/Pods-Spotify/Pods-Spotify.release.xcconfig"; sourceTree = "<group>"; };
		551CD80B5A774B0A59683657 /* Pods_Spotify.framework */ = {isa = PBXFileReference; explicitFileType = wrapper.framework; includeInIndex = 0; path = Pods_Spotify.framework; sourceTree = BUILT_PRODUCTS_DIR; };
		5A53001AE7BA6ECEC9C486BE /* Pods-Spotify.debug.xcconfig */ = {isa = PBXFileReference; includeInIndex = 1; lastKnownFileType = text.xcconfig; name = "Pods-Spotify.debug.xcconfig"; path = "Target Support Files/Pods-Spotify/Pods-Spotify.debug.xcconfig"; sourceTree = "<group>"; };
		CE6322712B55A33500726574 /* Spotify.app */ = {isa = PBXFileReference; explicitFileType = wrapper.application; includeInIndex = 0; path = Spotify.app; sourceTree = BUILT_PRODUCTS_DIR; };
		CE6322742B55A33500726574 /* AppDelegate.swift */ = {isa = PBXFileReference; lastKnownFileType = sourcecode.swift; path = AppDelegate.swift; sourceTree = "<group>"; };
		CE6322782B55A33500726574 /* HomeViewController.swift */ = {isa = PBXFileReference; lastKnownFileType = sourcecode.swift; path = HomeViewController.swift; sourceTree = "<group>"; };
		CE63227D2B55A33700726574 /* Assets.xcassets */ = {isa = PBXFileReference; lastKnownFileType = folder.assetcatalog; path = Assets.xcassets; sourceTree = "<group>"; };
		CE6322802B55A33700726574 /* Base */ = {isa = PBXFileReference; lastKnownFileType = file.storyboard; name = Base; path = Base.lproj/LaunchScreen.storyboard; sourceTree = "<group>"; };
		CE6322822B55A33700726574 /* Info.plist */ = {isa = PBXFileReference; lastKnownFileType = text.plist.xml; path = Info.plist; sourceTree = "<group>"; };
		CE63228E2B55A78D00726574 /* SceneDelegate.swift */ = {isa = PBXFileReference; fileEncoding = 4; lastKnownFileType = sourcecode.swift; name = SceneDelegate.swift; path = ../../../../Martin/TableViewWithSearchBar/TableViewWithSearchBar/SceneDelegate.swift; sourceTree = "<group>"; };
		CE6322902B55AA4C00726574 /* TabBarViewController.swift */ = {isa = PBXFileReference; lastKnownFileType = sourcecode.swift; path = TabBarViewController.swift; sourceTree = "<group>"; };
		CE6322922B55AA7800726574 /* SearchViewController.swift */ = {isa = PBXFileReference; lastKnownFileType = sourcecode.swift; path = SearchViewController.swift; sourceTree = "<group>"; };
		CE6322942B55AA8900726574 /* LibraryViewController.swift */ = {isa = PBXFileReference; lastKnownFileType = sourcecode.swift; path = LibraryViewController.swift; sourceTree = "<group>"; };
		CE6322982B55AAC200726574 /* AuthViewController.swift */ = {isa = PBXFileReference; lastKnownFileType = sourcecode.swift; path = AuthViewController.swift; sourceTree = "<group>"; };
		CE63229A2B55AAD100726574 /* WelcomeViewController.swift */ = {isa = PBXFileReference; lastKnownFileType = sourcecode.swift; path = WelcomeViewController.swift; sourceTree = "<group>"; };
		CE63229C2B55AAE800726574 /* SettingsViewController.swift */ = {isa = PBXFileReference; lastKnownFileType = sourcecode.swift; path = SettingsViewController.swift; sourceTree = "<group>"; };
		CE63229E2B55AAF400726574 /* ProfileViewController.swift */ = {isa = PBXFileReference; lastKnownFileType = sourcecode.swift; path = ProfileViewController.swift; sourceTree = "<group>"; };
		CE6322A02B55AB1800726574 /* PlayerViewController.swift */ = {isa = PBXFileReference; lastKnownFileType = sourcecode.swift; path = PlayerViewController.swift; sourceTree = "<group>"; };
		CE6322A22B55AB2F00726574 /* PlaylistViewController.swift */ = {isa = PBXFileReference; lastKnownFileType = sourcecode.swift; path = PlaylistViewController.swift; sourceTree = "<group>"; };
		CE6322A42B55AB5300726574 /* SearchResultsViewController.swift */ = {isa = PBXFileReference; lastKnownFileType = sourcecode.swift; path = SearchResultsViewController.swift; sourceTree = "<group>"; };
		CE6322A62B55AB7B00726574 /* AuthManager.swift */ = {isa = PBXFileReference; lastKnownFileType = sourcecode.swift; path = AuthManager.swift; sourceTree = "<group>"; };
		CE6322A82B55AB8F00726574 /* APICaller.swift */ = {isa = PBXFileReference; lastKnownFileType = sourcecode.swift; path = APICaller.swift; sourceTree = "<group>"; };
		CE6322AA2B55ABA500726574 /* HapticsManager.swift */ = {isa = PBXFileReference; lastKnownFileType = sourcecode.swift; path = HapticsManager.swift; sourceTree = "<group>"; };
		CE6322AC2B55ABC300726574 /* Playlist.swift */ = {isa = PBXFileReference; lastKnownFileType = sourcecode.swift; path = Playlist.swift; sourceTree = "<group>"; };
		CE6322AE2B55ABD600726574 /* AudioTrack.swift */ = {isa = PBXFileReference; lastKnownFileType = sourcecode.swift; path = AudioTrack.swift; sourceTree = "<group>"; };
		CE6322B02B55ABED00726574 /* Artist.swift */ = {isa = PBXFileReference; lastKnownFileType = sourcecode.swift; path = Artist.swift; sourceTree = "<group>"; };
		CE6322B22B55AC0B00726574 /* UserProfile.swift */ = {isa = PBXFileReference; lastKnownFileType = sourcecode.swift; path = UserProfile.swift; sourceTree = "<group>"; };
		CE6322FE2B5777E300726574 /* View+Extension.swift */ = {isa = PBXFileReference; lastKnownFileType = sourcecode.swift; path = "View+Extension.swift"; sourceTree = "<group>"; };
		CE8A64EB2B727087009F668B /* LibraryPlaylistViewController.swift */ = {isa = PBXFileReference; lastKnownFileType = sourcecode.swift; path = LibraryPlaylistViewController.swift; sourceTree = "<group>"; };
		CE8A64ED2B72709F009F668B /* LibraryAlbumViewController.swift */ = {isa = PBXFileReference; lastKnownFileType = sourcecode.swift; path = LibraryAlbumViewController.swift; sourceTree = "<group>"; };
		CE8A64EF2B72765F009F668B /* LibraryToggleView.swift */ = {isa = PBXFileReference; lastKnownFileType = sourcecode.swift; path = LibraryToggleView.swift; sourceTree = "<group>"; };
		CE8A64F12B72A2F5009F668B /* LibraryPlaylistsResponse.swift */ = {isa = PBXFileReference; lastKnownFileType = sourcecode.swift; path = LibraryPlaylistsResponse.swift; sourceTree = "<group>"; };
		CE8A64F42B72A4E1009F668B /* ActionLabelView.swift */ = {isa = PBXFileReference; lastKnownFileType = sourcecode.swift; path = ActionLabelView.swift; sourceTree = "<group>"; };
		CE8A65062B75423A009F668B /* LibraryAlbumsResponse.swift */ = {isa = PBXFileReference; lastKnownFileType = sourcecode.swift; path = LibraryAlbumsResponse.swift; sourceTree = "<group>"; };
		CE8AF4E02B6695AF003F78C3 /* FeaturedPlaylistCellViewModel.swift */ = {isa = PBXFileReference; lastKnownFileType = sourcecode.swift; path = FeaturedPlaylistCellViewModel.swift; sourceTree = "<group>"; };
		CE8AF4E22B669645003F78C3 /* RecommendedTrackCellViewModel.swift */ = {isa = PBXFileReference; lastKnownFileType = sourcecode.swift; path = RecommendedTrackCellViewModel.swift; sourceTree = "<group>"; };
		CE8AF4E42B66AAD3003F78C3 /* AlbumViewController.swift */ = {isa = PBXFileReference; lastKnownFileType = sourcecode.swift; path = AlbumViewController.swift; sourceTree = "<group>"; };
		CE8AF4E62B66AFAF003F78C3 /* AlbumDetailsResponse.swift */ = {isa = PBXFileReference; lastKnownFileType = sourcecode.swift; path = AlbumDetailsResponse.swift; sourceTree = "<group>"; };
		CE8AF4E82B66B467003F78C3 /* PlaylistDetailsResponse.swift */ = {isa = PBXFileReference; lastKnownFileType = sourcecode.swift; path = PlaylistDetailsResponse.swift; sourceTree = "<group>"; };
		CE8AF4EA2B67E605003F78C3 /* PlaylistHeaderCollectionReusableView.swift */ = {isa = PBXFileReference; lastKnownFileType = sourcecode.swift; path = PlaylistHeaderCollectionReusableView.swift; sourceTree = "<group>"; };
		CE8AF4EC2B67E9B1003F78C3 /* PlaylistHeaderViewViewModel.swift */ = {isa = PBXFileReference; lastKnownFileType = sourcecode.swift; path = PlaylistHeaderViewViewModel.swift; sourceTree = "<group>"; };
		CE8AF4EE2B67FAC0003F78C3 /* TitleHeaderCollectionReusableView.swift */ = {isa = PBXFileReference; lastKnownFileType = sourcecode.swift; path = TitleHeaderCollectionReusableView.swift; sourceTree = "<group>"; };
		CE8AF4F02B6805F1003F78C3 /* AlbumTrackCollectionViewCell.swift */ = {isa = PBXFileReference; lastKnownFileType = sourcecode.swift; path = AlbumTrackCollectionViewCell.swift; sourceTree = "<group>"; };
		CE8AF4F22B680792003F78C3 /* AlbumCollectionViewCellViewModel.swift */ = {isa = PBXFileReference; lastKnownFileType = sourcecode.swift; path = AlbumCollectionViewCellViewModel.swift; sourceTree = "<group>"; };
		CE8AF4F42B6808B1003F78C3 /* DateFormatter+Extension.swift */ = {isa = PBXFileReference; lastKnownFileType = sourcecode.swift; path = "DateFormatter+Extension.swift"; sourceTree = "<group>"; };
		CE8AF50A2B6A1390003F78C3 /* GenreCollectionViewCell.swift */ = {isa = PBXFileReference; lastKnownFileType = sourcecode.swift; path = GenreCollectionViewCell.swift; sourceTree = "<group>"; };
		CE8AF50C2B6ABC26003F78C3 /* AllCategoriesResponse.swift */ = {isa = PBXFileReference; lastKnownFileType = sourcecode.swift; path = AllCategoriesResponse.swift; sourceTree = "<group>"; };
		CE8AF50E2B6AC53B003F78C3 /* CategoryCollectionViewCellViewModel.swift */ = {isa = PBXFileReference; lastKnownFileType = sourcecode.swift; path = CategoryCollectionViewCellViewModel.swift; sourceTree = "<group>"; };
		CE8AF5102B6AC8A0003F78C3 /* CategoryViewController.swift */ = {isa = PBXFileReference; lastKnownFileType = sourcecode.swift; path = CategoryViewController.swift; sourceTree = "<group>"; };
		CE8AF5122B6D1B1D003F78C3 /* SearchResultResponse.swift */ = {isa = PBXFileReference; lastKnownFileType = sourcecode.swift; path = SearchResultResponse.swift; sourceTree = "<group>"; };
		CE8AF5142B6D1CD9003F78C3 /* SearchResult.swift */ = {isa = PBXFileReference; lastKnownFileType = sourcecode.swift; path = SearchResult.swift; sourceTree = "<group>"; };
		CE8AF5172B6D4B7D003F78C3 /* SearchResultDefaultTableViewCell.swift */ = {isa = PBXFileReference; lastKnownFileType = sourcecode.swift; path = SearchResultDefaultTableViewCell.swift; sourceTree = "<group>"; };
		CE8AF5192B6D4EB5003F78C3 /* SearchResultDefaultTableViewCellViewModel.swift */ = {isa = PBXFileReference; lastKnownFileType = sourcecode.swift; path = SearchResultDefaultTableViewCellViewModel.swift; sourceTree = "<group>"; };
		CE8AF51B2B6D530A003F78C3 /* SearchResultSubtitleTableViewCell.swift */ = {isa = PBXFileReference; lastKnownFileType = sourcecode.swift; path = SearchResultSubtitleTableViewCell.swift; sourceTree = "<group>"; };
		CE8AF51D2B6D5476003F78C3 /* SearchResultSubtitleTableViewCellViewModel.swift */ = {isa = PBXFileReference; lastKnownFileType = sourcecode.swift; path = SearchResultSubtitleTableViewCellViewModel.swift; sourceTree = "<group>"; };
		CE8AF5352B6EA9E7003F78C3 /* PlaybackPresenter.swift */ = {isa = PBXFileReference; lastKnownFileType = sourcecode.swift; path = PlaybackPresenter.swift; sourceTree = "<group>"; };
		CE8AF5372B6EB9FA003F78C3 /* PlayerControlsView.swift */ = {isa = PBXFileReference; lastKnownFileType = sourcecode.swift; path = PlayerControlsView.swift; sourceTree = "<group>"; };
		CEA291D72B598179008EED2E /* AuthResponse.swift */ = {isa = PBXFileReference; lastKnownFileType = sourcecode.swift; path = AuthResponse.swift; sourceTree = "<group>"; };
		CEA291DB2B5D1803008EED2E /* SettingsModels.swift */ = {isa = PBXFileReference; lastKnownFileType = sourcecode.swift; path = SettingsModels.swift; sourceTree = "<group>"; };
		CEA291DF2B5F9FFB008EED2E /* NewReleasesResponse.swift */ = {isa = PBXFileReference; lastKnownFileType = sourcecode.swift; path = NewReleasesResponse.swift; sourceTree = "<group>"; };
		CEA291E12B5FA22C008EED2E /* UserImage.swift */ = {isa = PBXFileReference; lastKnownFileType = sourcecode.swift; path = UserImage.swift; sourceTree = "<group>"; };
		CEA291E32B5FAE28008EED2E /* FeaturedPlaylistsResponse.swift */ = {isa = PBXFileReference; lastKnownFileType = sourcecode.swift; path = FeaturedPlaylistsResponse.swift; sourceTree = "<group>"; };
		CEA291E52B5FB564008EED2E /* RecommendedGenresResponse.swift */ = {isa = PBXFileReference; lastKnownFileType = sourcecode.swift; path = RecommendedGenresResponse.swift; sourceTree = "<group>"; };
		CEA291F12B60286B008EED2E /* RecommendationsResponse.swift */ = {isa = PBXFileReference; lastKnownFileType = sourcecode.swift; path = RecommendationsResponse.swift; sourceTree = "<group>"; };
		CEA291F42B62DA11008EED2E /* NewReleaseCollectionViewCell.swift */ = {isa = PBXFileReference; lastKnownFileType = sourcecode.swift; path = NewReleaseCollectionViewCell.swift; sourceTree = "<group>"; };
		CEA291F62B62DA45008EED2E /* FeaturedPlaylistCollectionViewCell.swift */ = {isa = PBXFileReference; lastKnownFileType = sourcecode.swift; path = FeaturedPlaylistCollectionViewCell.swift; sourceTree = "<group>"; };
		CEA291F82B62DA73008EED2E /* RecommendedTrackCollectionViewCell.swift */ = {isa = PBXFileReference; lastKnownFileType = sourcecode.swift; path = RecommendedTrackCollectionViewCell.swift; sourceTree = "<group>"; };
		CEA291FA2B62DC32008EED2E /* NewReleasesCellViewModel.swift */ = {isa = PBXFileReference; lastKnownFileType = sourcecode.swift; path = NewReleasesCellViewModel.swift; sourceTree = "<group>"; };
/* End PBXFileReference section */

/* Begin PBXFrameworksBuildPhase section */
		CE63226E2B55A33500726574 /* Frameworks */ = {
			isa = PBXFrameworksBuildPhase;
			buildActionMask = 2147483647;
			files = (
				999448DAE328E847802F64F2 /* Pods_Spotify.framework in Frameworks */,
			);
			runOnlyForDeploymentPostprocessing = 0;
		};
/* End PBXFrameworksBuildPhase section */

/* Begin PBXGroup section */
		3B007F804E78BA763C7AA1A7 /* Pods */ = {
			isa = PBXGroup;
			children = (
				5A53001AE7BA6ECEC9C486BE /* Pods-Spotify.debug.xcconfig */,
				3DF44F2AC2539C96E4CBC96A /* Pods-Spotify.release.xcconfig */,
			);
			path = Pods;
			sourceTree = "<group>";
		};
		CE6322682B55A33500726574 = {
			isa = PBXGroup;
			children = (
				CE6322732B55A33500726574 /* Spotify */,
				CE6322722B55A33500726574 /* Products */,
				3B007F804E78BA763C7AA1A7 /* Pods */,
				E92EEFFA1E17604AA4CE5342 /* Frameworks */,
			);
			sourceTree = "<group>";
		};
		CE6322722B55A33500726574 /* Products */ = {
			isa = PBXGroup;
			children = (
				CE6322712B55A33500726574 /* Spotify.app */,
			);
			name = Products;
			sourceTree = "<group>";
		};
		CE6322732B55A33500726574 /* Spotify */ = {
			isa = PBXGroup;
			children = (
				CE8AF5342B6EA9CF003F78C3 /* Presenter */,
				CE63228D2B55A3A700726574 /* Resources */,
				CE63228C2B55A39200726574 /* Managers */,
				CE63228B2B55A38600726574 /* ViewModels */,
				CE63228A2B55A37700726574 /* Models */,
				CE6322892B55A37100726574 /* Views */,
				CE6322882B55A36900726574 /* Controllers */,
				CE6322822B55A33700726574 /* Info.plist */,
			);
			path = Spotify;
			sourceTree = "<group>";
		};
		CE6322882B55A36900726574 /* Controllers */ = {
			isa = PBXGroup;
			children = (
				CE6322972B55AAAD00726574 /* Other */,
				CE6322962B55AA9900726574 /* Core */,
			);
			path = Controllers;
			sourceTree = "<group>";
		};
		CE6322892B55A37100726574 /* Views */ = {
			isa = PBXGroup;
			children = (
				CE8AF5162B6D4B55003F78C3 /* SearchResultCells */,
				CEA291F32B62D9E1008EED2E /* Browse */,
				CE63227F2B55A33700726574 /* LaunchScreen.storyboard */,
				CE8AF4EA2B67E605003F78C3 /* PlaylistHeaderCollectionReusableView.swift */,
				CE8AF4EE2B67FAC0003F78C3 /* TitleHeaderCollectionReusableView.swift */,
				CE8AF4F02B6805F1003F78C3 /* AlbumTrackCollectionViewCell.swift */,
				CE8AF50A2B6A1390003F78C3 /* GenreCollectionViewCell.swift */,
				CE8AF5372B6EB9FA003F78C3 /* PlayerControlsView.swift */,
				CE8A64EF2B72765F009F668B /* LibraryToggleView.swift */,
				CE8A64F42B72A4E1009F668B /* ActionLabelView.swift */,
			);
			path = Views;
			sourceTree = "<group>";
		};
		CE63228A2B55A37700726574 /* Models */ = {
			isa = PBXGroup;
			children = (
				CE6322AC2B55ABC300726574 /* Playlist.swift */,
				CE8AF50C2B6ABC26003F78C3 /* AllCategoriesResponse.swift */,
				CEA291DF2B5F9FFB008EED2E /* NewReleasesResponse.swift */,
				CEA291E12B5FA22C008EED2E /* UserImage.swift */,
				CE6322AE2B55ABD600726574 /* AudioTrack.swift */,
				CE6322B02B55ABED00726574 /* Artist.swift */,
				CEA291E52B5FB564008EED2E /* RecommendedGenresResponse.swift */,
				CE6322B22B55AC0B00726574 /* UserProfile.swift */,
				CEA291D72B598179008EED2E /* AuthResponse.swift */,
				CEA291DB2B5D1803008EED2E /* SettingsModels.swift */,
				CEA291E32B5FAE28008EED2E /* FeaturedPlaylistsResponse.swift */,
				CEA291F12B60286B008EED2E /* RecommendationsResponse.swift */,
				CE8AF4E62B66AFAF003F78C3 /* AlbumDetailsResponse.swift */,
				CE8AF4E82B66B467003F78C3 /* PlaylistDetailsResponse.swift */,
				CE8AF5122B6D1B1D003F78C3 /* SearchResultResponse.swift */,
				CE8AF5142B6D1CD9003F78C3 /* SearchResult.swift */,
				CE8A64F12B72A2F5009F668B /* LibraryPlaylistsResponse.swift */,
				CE8A65062B75423A009F668B /* LibraryAlbumsResponse.swift */,
			);
			path = Models;
			sourceTree = "<group>";
		};
		CE63228B2B55A38600726574 /* ViewModels */ = {
			isa = PBXGroup;
			children = (
				CEA291FA2B62DC32008EED2E /* NewReleasesCellViewModel.swift */,
				CE8AF4E02B6695AF003F78C3 /* FeaturedPlaylistCellViewModel.swift */,
				CE8AF4E22B669645003F78C3 /* RecommendedTrackCellViewModel.swift */,
				CE8AF4EC2B67E9B1003F78C3 /* PlaylistHeaderViewViewModel.swift */,
				CE8AF4F22B680792003F78C3 /* AlbumCollectionViewCellViewModel.swift */,
				CE8AF50E2B6AC53B003F78C3 /* CategoryCollectionViewCellViewModel.swift */,
				CE8AF5192B6D4EB5003F78C3 /* SearchResultDefaultTableViewCellViewModel.swift */,
				CE8AF51D2B6D5476003F78C3 /* SearchResultSubtitleTableViewCellViewModel.swift */,
			);
			path = ViewModels;
			sourceTree = "<group>";
		};
		CE63228C2B55A39200726574 /* Managers */ = {
			isa = PBXGroup;
			children = (
				CE6322A62B55AB7B00726574 /* AuthManager.swift */,
				CE6322A82B55AB8F00726574 /* APICaller.swift */,
				CE6322AA2B55ABA500726574 /* HapticsManager.swift */,
			);
			path = Managers;
			sourceTree = "<group>";
		};
		CE63228D2B55A3A700726574 /* Resources */ = {
			isa = PBXGroup;
			children = (
				CE6322742B55A33500726574 /* AppDelegate.swift */,
				CE63227D2B55A33700726574 /* Assets.xcassets */,
				CE63228E2B55A78D00726574 /* SceneDelegate.swift */,
				CE6322FE2B5777E300726574 /* View+Extension.swift */,
				CE8AF4F42B6808B1003F78C3 /* DateFormatter+Extension.swift */,
			);
			path = Resources;
			sourceTree = "<group>";
		};
		CE6322962B55AA9900726574 /* Core */ = {
			isa = PBXGroup;
			children = (
				CE6322902B55AA4C00726574 /* TabBarViewController.swift */,
				CE6322782B55A33500726574 /* HomeViewController.swift */,
				CE6322922B55AA7800726574 /* SearchViewController.swift */,
				CE6322942B55AA8900726574 /* LibraryViewController.swift */,
			);
			path = Core;
			sourceTree = "<group>";
		};
		CE6322972B55AAAD00726574 /* Other */ = {
			isa = PBXGroup;
			children = (
				CE8A64EA2B727071009F668B /* Library */,
				CE6322982B55AAC200726574 /* AuthViewController.swift */,
				CE63229A2B55AAD100726574 /* WelcomeViewController.swift */,
				CE63229C2B55AAE800726574 /* SettingsViewController.swift */,
				CE63229E2B55AAF400726574 /* ProfileViewController.swift */,
				CE6322A02B55AB1800726574 /* PlayerViewController.swift */,
				CE6322A22B55AB2F00726574 /* PlaylistViewController.swift */,
				CE6322A42B55AB5300726574 /* SearchResultsViewController.swift */,
				CE8AF4E42B66AAD3003F78C3 /* AlbumViewController.swift */,
				CE8AF5102B6AC8A0003F78C3 /* CategoryViewController.swift */,
			);
			path = Other;
			sourceTree = "<group>";
		};
		CE8A64EA2B727071009F668B /* Library */ = {
			isa = PBXGroup;
			children = (
				CE8A64EB2B727087009F668B /* LibraryPlaylistViewController.swift */,
				CE8A64ED2B72709F009F668B /* LibraryAlbumViewController.swift */,
			);
			path = Library;
			sourceTree = "<group>";
		};
		CE8AF5162B6D4B55003F78C3 /* SearchResultCells */ = {
			isa = PBXGroup;
			children = (
				CE8AF5172B6D4B7D003F78C3 /* SearchResultDefaultTableViewCell.swift */,
				CE8AF51B2B6D530A003F78C3 /* SearchResultSubtitleTableViewCell.swift */,
			);
			path = SearchResultCells;
			sourceTree = "<group>";
		};
		CE8AF5342B6EA9CF003F78C3 /* Presenter */ = {
			isa = PBXGroup;
			children = (
				CE8AF5352B6EA9E7003F78C3 /* PlaybackPresenter.swift */,
			);
			path = Presenter;
			sourceTree = "<group>";
		};
		CEA291F32B62D9E1008EED2E /* Browse */ = {
			isa = PBXGroup;
			children = (
				CEA291F42B62DA11008EED2E /* NewReleaseCollectionViewCell.swift */,
				CEA291F82B62DA73008EED2E /* RecommendedTrackCollectionViewCell.swift */,
				CEA291F62B62DA45008EED2E /* FeaturedPlaylistCollectionViewCell.swift */,
			);
			path = Browse;
			sourceTree = "<group>";
		};
		E92EEFFA1E17604AA4CE5342 /* Frameworks */ = {
			isa = PBXGroup;
			children = (
				551CD80B5A774B0A59683657 /* Pods_Spotify.framework */,
			);
			name = Frameworks;
			sourceTree = "<group>";
		};
/* End PBXGroup section */

/* Begin PBXNativeTarget section */
		CE6322702B55A33500726574 /* Spotify */ = {
			isa = PBXNativeTarget;
			buildConfigurationList = CE6322852B55A33700726574 /* Build configuration list for PBXNativeTarget "Spotify" */;
			buildPhases = (
				E50D06BF00A03CC7E5F914F6 /* [CP] Check Pods Manifest.lock */,
				CE63226D2B55A33500726574 /* Sources */,
				CE63226E2B55A33500726574 /* Frameworks */,
				CE63226F2B55A33500726574 /* Resources */,
				72D4DCAA53E41A0E3BAEC822 /* [CP] Embed Pods Frameworks */,
			);
			buildRules = (
			);
			dependencies = (
			);
			name = Spotify;
			productName = Spotify;
			productReference = CE6322712B55A33500726574 /* Spotify.app */;
			productType = "com.apple.product-type.application";
		};
/* End PBXNativeTarget section */

/* Begin PBXProject section */
		CE6322692B55A33500726574 /* Project object */ = {
			isa = PBXProject;
			attributes = {
				BuildIndependentTargetsInParallel = 1;
				LastSwiftUpdateCheck = 1520;
				LastUpgradeCheck = 1520;
				TargetAttributes = {
					CE6322702B55A33500726574 = {
						CreatedOnToolsVersion = 15.2;
					};
				};
			};
			buildConfigurationList = CE63226C2B55A33500726574 /* Build configuration list for PBXProject "Spotify" */;
			compatibilityVersion = "Xcode 14.0";
			developmentRegion = en;
			hasScannedForEncodings = 0;
			knownRegions = (
				en,
				Base,
			);
			mainGroup = CE6322682B55A33500726574;
			productRefGroup = CE6322722B55A33500726574 /* Products */;
			projectDirPath = "";
			projectRoot = "";
			targets = (
				CE6322702B55A33500726574 /* Spotify */,
			);
		};
/* End PBXProject section */

/* Begin PBXResourcesBuildPhase section */
		CE63226F2B55A33500726574 /* Resources */ = {
			isa = PBXResourcesBuildPhase;
			buildActionMask = 2147483647;
			files = (
				CE6322812B55A33700726574 /* LaunchScreen.storyboard in Resources */,
				CE63227E2B55A33700726574 /* Assets.xcassets in Resources */,
			);
			runOnlyForDeploymentPostprocessing = 0;
		};
/* End PBXResourcesBuildPhase section */

/* Begin PBXShellScriptBuildPhase section */
		72D4DCAA53E41A0E3BAEC822 /* [CP] Embed Pods Frameworks */ = {
			isa = PBXShellScriptBuildPhase;
			buildActionMask = 2147483647;
			files = (
			);
			inputFileListPaths = (
				"${PODS_ROOT}/Target Support Files/Pods-Spotify/Pods-Spotify-frameworks-${CONFIGURATION}-input-files.xcfilelist",
			);
			name = "[CP] Embed Pods Frameworks";
			outputFileListPaths = (
				"${PODS_ROOT}/Target Support Files/Pods-Spotify/Pods-Spotify-frameworks-${CONFIGURATION}-output-files.xcfilelist",
			);
			runOnlyForDeploymentPostprocessing = 0;
			shellPath = /bin/sh;
			shellScript = "\"${PODS_ROOT}/Target Support Files/Pods-Spotify/Pods-Spotify-frameworks.sh\"\n";
			showEnvVarsInLog = 0;
		};
		E50D06BF00A03CC7E5F914F6 /* [CP] Check Pods Manifest.lock */ = {
			isa = PBXShellScriptBuildPhase;
			buildActionMask = 2147483647;
			files = (
			);
			inputFileListPaths = (
			);
			inputPaths = (
				"${PODS_PODFILE_DIR_PATH}/Podfile.lock",
				"${PODS_ROOT}/Manifest.lock",
			);
			name = "[CP] Check Pods Manifest.lock";
			outputFileListPaths = (
			);
			outputPaths = (
				"$(DERIVED_FILE_DIR)/Pods-Spotify-checkManifestLockResult.txt",
			);
			runOnlyForDeploymentPostprocessing = 0;
			shellPath = /bin/sh;
			shellScript = "diff \"${PODS_PODFILE_DIR_PATH}/Podfile.lock\" \"${PODS_ROOT}/Manifest.lock\" > /dev/null\nif [ $? != 0 ] ; then\n    # print error to STDERR\n    echo \"error: The sandbox is not in sync with the Podfile.lock. Run 'pod install' or update your CocoaPods installation.\" >&2\n    exit 1\nfi\n# This output is used by Xcode 'outputs' to avoid re-running this script phase.\necho \"SUCCESS\" > \"${SCRIPT_OUTPUT_FILE_0}\"\n";
			showEnvVarsInLog = 0;
		};
/* End PBXShellScriptBuildPhase section */

/* Begin PBXSourcesBuildPhase section */
		CE63226D2B55A33500726574 /* Sources */ = {
			isa = PBXSourcesBuildPhase;
			buildActionMask = 2147483647;
			files = (
				CE8AF5182B6D4B7D003F78C3 /* SearchResultDefaultTableViewCell.swift in Sources */,
				CE6322932B55AA7800726574 /* SearchViewController.swift in Sources */,
				CE8AF50F2B6AC53B003F78C3 /* CategoryCollectionViewCellViewModel.swift in Sources */,
				CE8AF4E92B66B467003F78C3 /* PlaylistDetailsResponse.swift in Sources */,
				CE6322AD2B55ABC300726574 /* Playlist.swift in Sources */,
				CE6322A72B55AB7B00726574 /* AuthManager.swift in Sources */,
				CEA291FB2B62DC32008EED2E /* NewReleasesCellViewModel.swift in Sources */,
				CE8AF4F32B680792003F78C3 /* AlbumCollectionViewCellViewModel.swift in Sources */,
				CE8AF4E32B669645003F78C3 /* RecommendedTrackCellViewModel.swift in Sources */,
				CE8A64F52B72A4E1009F668B /* ActionLabelView.swift in Sources */,
				CE6322A52B55AB5300726574 /* SearchResultsViewController.swift in Sources */,
				CE8AF4EF2B67FAC0003F78C3 /* TitleHeaderCollectionReusableView.swift in Sources */,
				CE8AF4E52B66AAD3003F78C3 /* AlbumViewController.swift in Sources */,
				CE8AF4ED2B67E9B1003F78C3 /* PlaylistHeaderViewViewModel.swift in Sources */,
				CE8AF4E12B6695AF003F78C3 /* FeaturedPlaylistCellViewModel.swift in Sources */,
				CE63229B2B55AAD100726574 /* WelcomeViewController.swift in Sources */,
				CE63229F2B55AAF400726574 /* ProfileViewController.swift in Sources */,
				CE8AF5382B6EB9FA003F78C3 /* PlayerControlsView.swift in Sources */,
				CE6322912B55AA4C00726574 /* TabBarViewController.swift in Sources */,
				CE6322AB2B55ABA500726574 /* HapticsManager.swift in Sources */,
				CEA291F92B62DA73008EED2E /* RecommendedTrackCollectionViewCell.swift in Sources */,
				CE8A64EC2B727087009F668B /* LibraryPlaylistViewController.swift in Sources */,
				CEA291D82B598179008EED2E /* AuthResponse.swift in Sources */,
				CEA291E02B5F9FFB008EED2E /* NewReleasesResponse.swift in Sources */,
				CEA291E22B5FA22C008EED2E /* UserImage.swift in Sources */,
				CE8AF51A2B6D4EB5003F78C3 /* SearchResultDefaultTableViewCellViewModel.swift in Sources */,
				CE8AF4F12B6805F1003F78C3 /* AlbumTrackCollectionViewCell.swift in Sources */,
				CEA291F22B60286B008EED2E /* RecommendationsResponse.swift in Sources */,
				CE6322AF2B55ABD600726574 /* AudioTrack.swift in Sources */,
				CE6322FF2B5777E300726574 /* View+Extension.swift in Sources */,
				CE8AF50B2B6A1390003F78C3 /* GenreCollectionViewCell.swift in Sources */,
				CE8A65072B75423A009F668B /* LibraryAlbumsResponse.swift in Sources */,
				CEA291F52B62DA11008EED2E /* NewReleaseCollectionViewCell.swift in Sources */,
				CE8A64EE2B72709F009F668B /* LibraryAlbumViewController.swift in Sources */,
				CE6322792B55A33500726574 /* HomeViewController.swift in Sources */,
				CEA291F72B62DA45008EED2E /* FeaturedPlaylistCollectionViewCell.swift in Sources */,
				CE8AF4F52B6808B1003F78C3 /* DateFormatter+Extension.swift in Sources */,
				CE6322992B55AAC200726574 /* AuthViewController.swift in Sources */,
				CE8A64F02B72765F009F668B /* LibraryToggleView.swift in Sources */,
				CE6322752B55A33500726574 /* AppDelegate.swift in Sources */,
				CE6322B32B55AC0B00726574 /* UserProfile.swift in Sources */,
				CE8AF4EB2B67E605003F78C3 /* PlaylistHeaderCollectionReusableView.swift in Sources */,
				CE8AF50D2B6ABC26003F78C3 /* AllCategoriesResponse.swift in Sources */,
				CE8AF51E2B6D5476003F78C3 /* SearchResultSubtitleTableViewCellViewModel.swift in Sources */,
				CE6322952B55AA8900726574 /* LibraryViewController.swift in Sources */,
				CE8AF5152B6D1CD9003F78C3 /* SearchResult.swift in Sources */,
				CE6322B12B55ABED00726574 /* Artist.swift in Sources */,
				CEA291DC2B5D1803008EED2E /* SettingsModels.swift in Sources */,
				CE6322A32B55AB2F00726574 /* PlaylistViewController.swift in Sources */,
				CE8AF5362B6EA9E7003F78C3 /* PlaybackPresenter.swift in Sources */,
				CE63228F2B55A78D00726574 /* SceneDelegate.swift in Sources */,
				CE6322A12B55AB1800726574 /* PlayerViewController.swift in Sources */,
				CE8AF5132B6D1B1D003F78C3 /* SearchResultResponse.swift in Sources */,
				CE8AF4E72B66AFAF003F78C3 /* AlbumDetailsResponse.swift in Sources */,
				CE6322A92B55AB8F00726574 /* APICaller.swift in Sources */,
				CE8AF5112B6AC8A0003F78C3 /* CategoryViewController.swift in Sources */,
				CEA291E42B5FAE28008EED2E /* FeaturedPlaylistsResponse.swift in Sources */,
				CE8A64F22B72A2F5009F668B /* LibraryPlaylistsResponse.swift in Sources */,
				CE63229D2B55AAE800726574 /* SettingsViewController.swift in Sources */,
				CE8AF51C2B6D530A003F78C3 /* SearchResultSubtitleTableViewCell.swift in Sources */,
				CEA291E62B5FB564008EED2E /* RecommendedGenresResponse.swift in Sources */,
			);
			runOnlyForDeploymentPostprocessing = 0;
		};
/* End PBXSourcesBuildPhase section */

/* Begin PBXVariantGroup section */
		CE63227F2B55A33700726574 /* LaunchScreen.storyboard */ = {
			isa = PBXVariantGroup;
			children = (
				CE6322802B55A33700726574 /* Base */,
			);
			name = LaunchScreen.storyboard;
			sourceTree = "<group>";
		};
/* End PBXVariantGroup section */

/* Begin XCBuildConfiguration section */
		CE6322832B55A33700726574 /* Debug */ = {
			isa = XCBuildConfiguration;
			buildSettings = {
				ALWAYS_SEARCH_USER_PATHS = NO;
				ASSETCATALOG_COMPILER_GENERATE_SWIFT_ASSET_SYMBOL_EXTENSIONS = YES;
				CLANG_ANALYZER_NONNULL = YES;
				CLANG_ANALYZER_NUMBER_OBJECT_CONVERSION = YES_AGGRESSIVE;
				CLANG_CXX_LANGUAGE_STANDARD = "gnu++20";
				CLANG_ENABLE_MODULES = YES;
				CLANG_ENABLE_OBJC_ARC = YES;
				CLANG_ENABLE_OBJC_WEAK = YES;
				CLANG_WARN_BLOCK_CAPTURE_AUTORELEASING = YES;
				CLANG_WARN_BOOL_CONVERSION = YES;
				CLANG_WARN_COMMA = YES;
				CLANG_WARN_CONSTANT_CONVERSION = YES;
				CLANG_WARN_DEPRECATED_OBJC_IMPLEMENTATIONS = YES;
				CLANG_WARN_DIRECT_OBJC_ISA_USAGE = YES_ERROR;
				CLANG_WARN_DOCUMENTATION_COMMENTS = YES;
				CLANG_WARN_EMPTY_BODY = YES;
				CLANG_WARN_ENUM_CONVERSION = YES;
				CLANG_WARN_INFINITE_RECURSION = YES;
				CLANG_WARN_INT_CONVERSION = YES;
				CLANG_WARN_NON_LITERAL_NULL_CONVERSION = YES;
				CLANG_WARN_OBJC_IMPLICIT_RETAIN_SELF = YES;
				CLANG_WARN_OBJC_LITERAL_CONVERSION = YES;
				CLANG_WARN_OBJC_ROOT_CLASS = YES_ERROR;
				CLANG_WARN_QUOTED_INCLUDE_IN_FRAMEWORK_HEADER = YES;
				CLANG_WARN_RANGE_LOOP_ANALYSIS = YES;
				CLANG_WARN_STRICT_PROTOTYPES = YES;
				CLANG_WARN_SUSPICIOUS_MOVE = YES;
				CLANG_WARN_UNGUARDED_AVAILABILITY = YES_AGGRESSIVE;
				CLANG_WARN_UNREACHABLE_CODE = YES;
				CLANG_WARN__DUPLICATE_METHOD_MATCH = YES;
				COPY_PHASE_STRIP = NO;
				DEBUG_INFORMATION_FORMAT = dwarf;
				ENABLE_STRICT_OBJC_MSGSEND = YES;
				ENABLE_TESTABILITY = YES;
				ENABLE_USER_SCRIPT_SANDBOXING = YES;
				GCC_C_LANGUAGE_STANDARD = gnu17;
				GCC_DYNAMIC_NO_PIC = NO;
				GCC_NO_COMMON_BLOCKS = YES;
				GCC_OPTIMIZATION_LEVEL = 0;
				GCC_PREPROCESSOR_DEFINITIONS = (
					"DEBUG=1",
					"$(inherited)",
				);
				GCC_WARN_64_TO_32_BIT_CONVERSION = YES;
				GCC_WARN_ABOUT_RETURN_TYPE = YES_ERROR;
				GCC_WARN_UNDECLARED_SELECTOR = YES;
				GCC_WARN_UNINITIALIZED_AUTOS = YES_AGGRESSIVE;
				GCC_WARN_UNUSED_FUNCTION = YES;
				GCC_WARN_UNUSED_VARIABLE = YES;
				IPHONEOS_DEPLOYMENT_TARGET = 17.2;
				LOCALIZATION_PREFERS_STRING_CATALOGS = YES;
				MTL_ENABLE_DEBUG_INFO = INCLUDE_SOURCE;
				MTL_FAST_MATH = YES;
				ONLY_ACTIVE_ARCH = YES;
				SDKROOT = iphoneos;
				SWIFT_ACTIVE_COMPILATION_CONDITIONS = "DEBUG $(inherited)";
				SWIFT_OPTIMIZATION_LEVEL = "-Onone";
			};
			name = Debug;
		};
		CE6322842B55A33700726574 /* Release */ = {
			isa = XCBuildConfiguration;
			buildSettings = {
				ALWAYS_SEARCH_USER_PATHS = NO;
				ASSETCATALOG_COMPILER_GENERATE_SWIFT_ASSET_SYMBOL_EXTENSIONS = YES;
				CLANG_ANALYZER_NONNULL = YES;
				CLANG_ANALYZER_NUMBER_OBJECT_CONVERSION = YES_AGGRESSIVE;
				CLANG_CXX_LANGUAGE_STANDARD = "gnu++20";
				CLANG_ENABLE_MODULES = YES;
				CLANG_ENABLE_OBJC_ARC = YES;
				CLANG_ENABLE_OBJC_WEAK = YES;
				CLANG_WARN_BLOCK_CAPTURE_AUTORELEASING = YES;
				CLANG_WARN_BOOL_CONVERSION = YES;
				CLANG_WARN_COMMA = YES;
				CLANG_WARN_CONSTANT_CONVERSION = YES;
				CLANG_WARN_DEPRECATED_OBJC_IMPLEMENTATIONS = YES;
				CLANG_WARN_DIRECT_OBJC_ISA_USAGE = YES_ERROR;
				CLANG_WARN_DOCUMENTATION_COMMENTS = YES;
				CLANG_WARN_EMPTY_BODY = YES;
				CLANG_WARN_ENUM_CONVERSION = YES;
				CLANG_WARN_INFINITE_RECURSION = YES;
				CLANG_WARN_INT_CONVERSION = YES;
				CLANG_WARN_NON_LITERAL_NULL_CONVERSION = YES;
				CLANG_WARN_OBJC_IMPLICIT_RETAIN_SELF = YES;
				CLANG_WARN_OBJC_LITERAL_CONVERSION = YES;
				CLANG_WARN_OBJC_ROOT_CLASS = YES_ERROR;
				CLANG_WARN_QUOTED_INCLUDE_IN_FRAMEWORK_HEADER = YES;
				CLANG_WARN_RANGE_LOOP_ANALYSIS = YES;
				CLANG_WARN_STRICT_PROTOTYPES = YES;
				CLANG_WARN_SUSPICIOUS_MOVE = YES;
				CLANG_WARN_UNGUARDED_AVAILABILITY = YES_AGGRESSIVE;
				CLANG_WARN_UNREACHABLE_CODE = YES;
				CLANG_WARN__DUPLICATE_METHOD_MATCH = YES;
				COPY_PHASE_STRIP = NO;
				DEBUG_INFORMATION_FORMAT = "dwarf-with-dsym";
				ENABLE_NS_ASSERTIONS = NO;
				ENABLE_STRICT_OBJC_MSGSEND = YES;
				ENABLE_USER_SCRIPT_SANDBOXING = YES;
				GCC_C_LANGUAGE_STANDARD = gnu17;
				GCC_NO_COMMON_BLOCKS = YES;
				GCC_WARN_64_TO_32_BIT_CONVERSION = YES;
				GCC_WARN_ABOUT_RETURN_TYPE = YES_ERROR;
				GCC_WARN_UNDECLARED_SELECTOR = YES;
				GCC_WARN_UNINITIALIZED_AUTOS = YES_AGGRESSIVE;
				GCC_WARN_UNUSED_FUNCTION = YES;
				GCC_WARN_UNUSED_VARIABLE = YES;
				IPHONEOS_DEPLOYMENT_TARGET = 17.2;
				LOCALIZATION_PREFERS_STRING_CATALOGS = YES;
				MTL_ENABLE_DEBUG_INFO = NO;
				MTL_FAST_MATH = YES;
				SDKROOT = iphoneos;
				SWIFT_COMPILATION_MODE = wholemodule;
				VALIDATE_PRODUCT = YES;
			};
			name = Release;
		};
		CE6322862B55A33700726574 /* Debug */ = {
			isa = XCBuildConfiguration;
			baseConfigurationReference = 5A53001AE7BA6ECEC9C486BE /* Pods-Spotify.debug.xcconfig */;
			buildSettings = {
				ASSETCATALOG_COMPILER_APPICON_NAME = AppIcon;
				ASSETCATALOG_COMPILER_GLOBAL_ACCENT_COLOR_NAME = AccentColor;
				CODE_SIGN_STYLE = Automatic;
				CURRENT_PROJECT_VERSION = 1;
				ENABLE_USER_SCRIPT_SANDBOXING = NO;
				GENERATE_INFOPLIST_FILE = YES;
				INFOPLIST_FILE = Spotify/Info.plist;
				INFOPLIST_KEY_UIApplicationSupportsIndirectInputEvents = YES;
				INFOPLIST_KEY_UILaunchStoryboardName = LaunchScreen;
				INFOPLIST_KEY_UISupportedInterfaceOrientations_iPad = "UIInterfaceOrientationPortrait UIInterfaceOrientationPortraitUpsideDown UIInterfaceOrientationLandscapeLeft UIInterfaceOrientationLandscapeRight";
				INFOPLIST_KEY_UISupportedInterfaceOrientations_iPhone = "UIInterfaceOrientationPortrait UIInterfaceOrientationLandscapeLeft UIInterfaceOrientationLandscapeRight";
				LD_RUNPATH_SEARCH_PATHS = (
					"$(inherited)",
					"@executable_path/Frameworks",
				);
				MARKETING_VERSION = 1.0;
				PRODUCT_BUNDLE_IDENTIFIER = com.lynnguyen.Spotify;
				PRODUCT_NAME = "$(TARGET_NAME)";
				SWIFT_EMIT_LOC_STRINGS = YES;
				SWIFT_VERSION = 5.0;
				TARGETED_DEVICE_FAMILY = "1,2";
			};
			name = Debug;
		};
		CE6322872B55A33700726574 /* Release */ = {
			isa = XCBuildConfiguration;
			baseConfigurationReference = 3DF44F2AC2539C96E4CBC96A /* Pods-Spotify.release.xcconfig */;
			buildSettings = {
				ASSETCATALOG_COMPILER_APPICON_NAME = AppIcon;
				ASSETCATALOG_COMPILER_GLOBAL_ACCENT_COLOR_NAME = AccentColor;
				CODE_SIGN_STYLE = Automatic;
				CURRENT_PROJECT_VERSION = 1;
				DEVELOPMENT_TEAM = "";
				ENABLE_USER_SCRIPT_SANDBOXING = NO;
				GENERATE_INFOPLIST_FILE = YES;
				INFOPLIST_FILE = Spotify/Info.plist;
				INFOPLIST_KEY_UIApplicationSupportsIndirectInputEvents = YES;
				INFOPLIST_KEY_UILaunchStoryboardName = LaunchScreen;
				INFOPLIST_KEY_UISupportedInterfaceOrientations_iPad = "UIInterfaceOrientationPortrait UIInterfaceOrientationPortraitUpsideDown UIInterfaceOrientationLandscapeLeft UIInterfaceOrientationLandscapeRight";
				INFOPLIST_KEY_UISupportedInterfaceOrientations_iPhone = "UIInterfaceOrientationPortrait UIInterfaceOrientationLandscapeLeft UIInterfaceOrientationLandscapeRight";
				LD_RUNPATH_SEARCH_PATHS = (
					"$(inherited)",
					"@executable_path/Frameworks",
				);
				MARKETING_VERSION = 1.0;
				PRODUCT_BUNDLE_IDENTIFIER = com.lynnguyen.Spotify;
				PRODUCT_NAME = "$(TARGET_NAME)";
				SWIFT_EMIT_LOC_STRINGS = YES;
				SWIFT_VERSION = 5.0;
				TARGETED_DEVICE_FAMILY = "1,2";
			};
			name = Release;
		};
/* End XCBuildConfiguration section */

/* Begin XCConfigurationList section */
		CE63226C2B55A33500726574 /* Build configuration list for PBXProject "Spotify" */ = {
			isa = XCConfigurationList;
			buildConfigurations = (
				CE6322832B55A33700726574 /* Debug */,
				CE6322842B55A33700726574 /* Release */,
			);
			defaultConfigurationIsVisible = 0;
			defaultConfigurationName = Release;
		};
		CE6322852B55A33700726574 /* Build configuration list for PBXNativeTarget "Spotify" */ = {
			isa = XCConfigurationList;
			buildConfigurations = (
				CE6322862B55A33700726574 /* Debug */,
				CE6322872B55A33700726574 /* Release */,
			);
			defaultConfigurationIsVisible = 0;
			defaultConfigurationName = Release;
		};
/* End XCConfigurationList section */
	};
	rootObject = CE6322692B55A33500726574 /* Project object */;
}
